
Microsoft Visual Studio Solution File, Format Version 12.00
# Visual Studio 14
VisualStudioVersion = 14.0.25420.1
MinimumVisualStudioVersion = 10.0.40219.1
Project("{8BC9CEB8-8B4A-11D0-8D11-00A0C91BC942}") = "TVH264", "src\TVH264.vcxproj", "{A447A794-452A-4CA9-8A87-1BDB84D5CB7B}"
	ProjectSection(ProjectDependencies) = postProject
		{BC3EFE27-9015-4C9C-AD3C-72B3B7ED2114} = {BC3EFE27-9015-4C9C-AD3C-72B3B7ED2114}
		{77F6A763-E1AD-4A5F-BFD1-A99756FE412C} = {77F6A763-E1AD-4A5F-BFD1-A99756FE412C}
		{E8A3F6FA-AE1C-4C8E-A0B6-9C8480324EAA} = {E8A3F6FA-AE1C-4C8E-A0B6-9C8480324EAA}
	EndProjectSection
EndProject
Project("{8BC9CEB8-8B4A-11D0-8D11-00A0C91BC942}") = "TVH264_HD", "src\TVH264_HD.vcxproj", "{85EBF9AB-7849-4D39-8A50-70BF637A32A5}"
	ProjectSection(ProjectDependencies) = postProject
		{BC3EFE27-9015-4C9C-AD3C-72B3B7ED2114} = {BC3EFE27-9015-4C9C-AD3C-72B3B7ED2114}
		{77F6A763-E1AD-4A5F-BFD1-A99756FE412C} = {77F6A763-E1AD-4A5F-BFD1-A99756FE412C}
		{E8A3F6FA-AE1C-4C8E-A0B6-9C8480324EAA} = {E8A3F6FA-AE1C-4C8E-A0B6-9C8480324EAA}
	EndProjectSection
EndProject
Project("{8BC9CEB8-8B4A-11D0-8D11-00A0C91BC942}") = "TVTest", "src\TVTest.vcxproj", "{88CAD0EE-D7F6-412D-8691-D1FF19534587}"
	ProjectSection(ProjectDependencies) = postProject
		{BC3EFE27-9015-4C9C-AD3C-72B3B7ED2114} = {BC3EFE27-9015-4C9C-AD3C-72B3B7ED2114}
		{77F6A763-E1AD-4A5F-BFD1-A99756FE412C} = {77F6A763-E1AD-4A5F-BFD1-A99756FE412C}
		{E8A3F6FA-AE1C-4C8E-A0B6-9C8480324EAA} = {E8A3F6FA-AE1C-4C8E-A0B6-9C8480324EAA}
	EndProjectSection
EndProject
Project("{8BC9CEB8-8B4A-11D0-8D11-00A0C91BC942}") = "BaseClasses", "src\BaseClasses\BaseClasses.vcxproj", "{E8A3F6FA-AE1C-4C8E-A0B6-9C8480324EAA}"
EndProject
Project("{8BC9CEB8-8B4A-11D0-8D11-00A0C91BC942}") = "libfaad", "src\faad2\libfaad.vcxproj", "{BC3EFE27-9015-4C9C-AD3C-72B3B7ED2114}"
EndProject
Project("{8BC9CEB8-8B4A-11D0-8D11-00A0C91BC942}") = "TVTest_Image", "src\TVTest_Image\TVTest_Image.vcxproj", "{77F6A763-E1AD-4A5F-BFD1-A99756FE412C}"
	ProjectSection(ProjectDependencies) = postProject
		{49A52336-1C89-4567-9127-7741D153D5CA} = {49A52336-1C89-4567-9127-7741D153D5CA}
		{97FB8E71-E5AA-4CC6-B719-F55898873603} = {97FB8E71-E5AA-4CC6-B719-F55898873603}
		{007F4889-0E3B-439C-A6E6-DF64121609E3} = {007F4889-0E3B-439C-A6E6-DF64121609E3}
	EndProjectSection
EndProject
Project("{8BC9CEB8-8B4A-11D0-8D11-00A0C91BC942}") = "TVCAS_B25", "src\TVCAS_B25\TVCAS_B25.vcxproj", "{A3869304-1481-431E-B7C6-C4ED342106EB}"
	ProjectSection(ProjectDependencies) = postProject
		{F92B34A6-7FA5-4497-96B1-0BC32E3080C0} = {F92B34A6-7FA5-4497-96B1-0BC32E3080C0}
	EndProjectSection
EndProject
Project("{8BC9CEB8-8B4A-11D0-8D11-00A0C91BC942}") = "Multi2Decoder", "src\TVCAS_B25\Multi2Decoder\Multi2Decoder.vcxproj", "{F92B34A6-7FA5-4497-96B1-0BC32E3080C0}"
EndProject
Project("{8BC9CEB8-8B4A-11D0-8D11-00A0C91BC942}") = "winscard_wrapper", "src\winscard_wrapper\winscard_wrapper.vcxproj", "{40AAC5F0-4EE9-4666-B28A-B52A93054C01}"
EndProject
Project("{8BC9CEB8-8B4A-11D0-8D11-00A0C91BC942}") = "winscard", "src\winscard\winscard.vcxproj", "{4643172B-63E9-4CCC-9BF1-69BAAD254AB0}"
EndProject
Project("{8BC9CEB8-8B4A-11D0-8D11-00A0C91BC942}") = "libjpeg", "src\TVTest_Image\libjpeg\libjpeg.vcxproj", "{97FB8E71-E5AA-4CC6-B719-F55898873603}"
EndProject
Project("{8BC9CEB8-8B4A-11D0-8D11-00A0C91BC942}") = "libpng", "src\TVTest_Image\libpng\libpng.vcxproj", "{007F4889-0E3B-439C-A6E6-DF64121609E3}"
EndProject
Project("{8BC9CEB8-8B4A-11D0-8D11-00A0C91BC942}") = "zlib", "src\TVTest_Image\zlib\zlib.vcxproj", "{49A52336-1C89-4567-9127-7741D153D5CA}"
EndProject
Project("{2150E333-8FDC-42A3-9474-1A3956D46DE8}") = "libs", "libs", "{5FC18CB1-75D8-4A96-B9AA-1F00F08CDA2A}"
EndProject
Project("{2150E333-8FDC-42A3-9474-1A3956D46DE8}") = "DLLs", "DLLs", "{2B2A3638-E194-4E4F-8026-234F70F2C820}"
EndProject
Project("{54435603-DBB4-11D2-8724-00A0C9A8B90C}") = "Setup", "setup\Setup.vdproj", "{29E9C107-4AB5-42BB-A40A-9D3E71F5FE18}"
EndProject
Project("{2150E333-8FDC-42A3-9474-1A3956D46DE8}") = "plugins", "plugins", "{8026615B-5A7E-46C0-A88D-A8B102F88D93}"
EndProject
Project("{8BC9CEB8-8B4A-11D0-8D11-00A0C91BC942}") = "AutoSnapShot", "src\PluginSamples\AutoSnapShot\AutoSnapShot.vcxproj", "{178CA9B3-D4E4-46AC-89F1-96E163B2E369}"
EndProject
Project("{8BC9CEB8-8B4A-11D0-8D11-00A0C91BC942}") = "Command", "src\PluginSamples\Command\Command.vcxproj", "{12DB0781-4C1D-49EE-BDA8-226D44E9182F}"
EndProject
Project("{8BC9CEB8-8B4A-11D0-8D11-00A0C91BC942}") = "DiskRelay", "src\PluginSamples\DiskRelay\DiskRelay.vcxproj", "{D285AFB1-F7BA-4582-97AD-897AE95CA5AF}"
EndProject
Project("{8BC9CEB8-8B4A-11D0-8D11-00A0C91BC942}") = "Equalizer", "src\PluginSamples\Equalizer\Equalizer.vcxproj", "{5B2A8247-8358-481A-A098-89270D417CC4}"
EndProject
Project("{8BC9CEB8-8B4A-11D0-8D11-00A0C91BC942}") = "GamePad", "src\PluginSamples\GamePad\GamePad.vcxproj", "{AB3C1FC9-7F5A-4E8F-A320-FD7998E88BCA}"
EndProject
Project("{8BC9CEB8-8B4A-11D0-8D11-00A0C91BC942}") = "LogoList", "src\PluginSamples\LogoList\LogoList.vcxproj", "{9804F192-9FD5-4A41-ADF2-29BBC979ECFD}"
EndProject
Project("{8BC9CEB8-8B4A-11D0-8D11-00A0C91BC942}") = "MiniProgramGuide", "src\PluginSamples\MiniProgramGuide\MiniProgramGuide.vcxproj", "{F78F780F-2042-44EA-9804-A1CB0C908611}"
EndProject
Project("{8BC9CEB8-8B4A-11D0-8D11-00A0C91BC942}") = "PacketCounter", "src\PluginSamples\PacketCounter\PacketCounter.vcxproj", "{BCDA86B2-7DE3-4F8F-B54B-91EFD4154E36}"
EndProject
Project("{8BC9CEB8-8B4A-11D0-8D11-00A0C91BC942}") = "SignalGraph", "src\PluginSamples\SignalGraph\SignalGraph.vcxproj", "{1B01DD31-8C51-4378-954C-FB2B58378EF2}"
EndProject
Project("{8BC9CEB8-8B4A-11D0-8D11-00A0C91BC942}") = "SkinController", "src\PluginSamples\SkinController\SkinController.vcxproj", "{90A6125D-0ADA-4201-AF82-D4453A1E71B1}"
EndProject
Project("{8BC9CEB8-8B4A-11D0-8D11-00A0C91BC942}") = "SleepTimer", "src\PluginSamples\SleepTimer\SleepTimer.vcxproj", "{A2D2B82B-D826-48B8-A634-679B4B8298C5}"
EndProject
Project("{8BC9CEB8-8B4A-11D0-8D11-00A0C91BC942}") = "SpectrumAnalyzer", "src\PluginSamples\SpectrumAnalyzer\SpectrumAnalyzer.vcxproj", "{EEB05E2B-0151-47C7-BD1C-C3A2A74C1399}"
EndProject
Project("{8BC9CEB8-8B4A-11D0-8D11-00A0C91BC942}") = "TSInfo", "src\PluginSamples\TSInfo\TSInfo.vcxproj", "{874240A9-E0F6-4E74-8700-F82496AA8AC6}"
EndProject
Project("{8BC9CEB8-8B4A-11D0-8D11-00A0C91BC942}") = "HDUSRemocon", "src\PluginSamples\HDUSRemocon\HDUSRemocon.vcxproj", "{76055E26-3A35-40F6-B783-F648CC785491}"
EndProject
Project("{8BC9CEB8-8B4A-11D0-8D11-00A0C91BC942}") = "HDUSRemocon_KeyHook", "src\PluginSamples\HDUSRemocon\HDUSRemocon_KeyHook.vcxproj", "{4FF4BAED-FBAA-44A1-B797-FF9132274017}"
EndProject
Global
	GlobalSection(SolutionConfigurationPlatforms) = preSolution
		Debug_MBCS|Win32 = Debug_MBCS|Win32
		Debug_MBCS|x64 = Debug_MBCS|x64
		Debug|Win32 = Debug|Win32
		Debug|x64 = Debug|x64
		Release_MBCS|Win32 = Release_MBCS|Win32
		Release_MBCS|x64 = Release_MBCS|x64
		Release_static|Win32 = Release_static|Win32
		Release_static|x64 = Release_static|x64
		Release|Win32 = Release|Win32
		Release|x64 = Release|x64
	EndGlobalSection
	GlobalSection(ProjectConfigurationPlatforms) = postSolution
		{A447A794-452A-4CA9-8A87-1BDB84D5CB7B}.Debug_MBCS|Win32.ActiveCfg = Debug|x64
		{A447A794-452A-4CA9-8A87-1BDB84D5CB7B}.Debug_MBCS|x64.ActiveCfg = Debug|x64
		{A447A794-452A-4CA9-8A87-1BDB84D5CB7B}.Debug_MBCS|x64.Build.0 = Debug|x64
		{A447A794-452A-4CA9-8A87-1BDB84D5CB7B}.Debug|Win32.ActiveCfg = Debug|Win32
		{A447A794-452A-4CA9-8A87-1BDB84D5CB7B}.Debug|Win32.Build.0 = Debug|Win32
		{A447A794-452A-4CA9-8A87-1BDB84D5CB7B}.Debug|x64.ActiveCfg = Debug|x64
		{A447A794-452A-4CA9-8A87-1BDB84D5CB7B}.Debug|x64.Build.0 = Debug|x64
		{A447A794-452A-4CA9-8A87-1BDB84D5CB7B}.Release_MBCS|Win32.ActiveCfg = Release|x64
		{A447A794-452A-4CA9-8A87-1BDB84D5CB7B}.Release_MBCS|x64.ActiveCfg = Release|x64
		{A447A794-452A-4CA9-8A87-1BDB84D5CB7B}.Release_MBCS|x64.Build.0 = Release|x64
		{A447A794-452A-4CA9-8A87-1BDB84D5CB7B}.Release_static|Win32.ActiveCfg = Release|Win32
		{A447A794-452A-4CA9-8A87-1BDB84D5CB7B}.Release_static|Win32.Build.0 = Release|Win32
		{A447A794-452A-4CA9-8A87-1BDB84D5CB7B}.Release_static|x64.ActiveCfg = Release|x64
		{A447A794-452A-4CA9-8A87-1BDB84D5CB7B}.Release_static|x64.Build.0 = Release|x64
		{A447A794-452A-4CA9-8A87-1BDB84D5CB7B}.Release|Win32.ActiveCfg = Release|Win32
		{A447A794-452A-4CA9-8A87-1BDB84D5CB7B}.Release|Win32.Build.0 = Release|Win32
		{A447A794-452A-4CA9-8A87-1BDB84D5CB7B}.Release|x64.ActiveCfg = Release|x64
		{A447A794-452A-4CA9-8A87-1BDB84D5CB7B}.Release|x64.Build.0 = Release|x64
		{85EBF9AB-7849-4D39-8A50-70BF637A32A5}.Debug_MBCS|Win32.ActiveCfg = Debug|x64
		{85EBF9AB-7849-4D39-8A50-70BF637A32A5}.Debug_MBCS|x64.ActiveCfg = Debug|x64
		{85EBF9AB-7849-4D39-8A50-70BF637A32A5}.Debug_MBCS|x64.Build.0 = Debug|x64
		{85EBF9AB-7849-4D39-8A50-70BF637A32A5}.Debug|Win32.ActiveCfg = Debug|Win32
		{85EBF9AB-7849-4D39-8A50-70BF637A32A5}.Debug|Win32.Build.0 = Debug|Win32
		{85EBF9AB-7849-4D39-8A50-70BF637A32A5}.Debug|x64.ActiveCfg = Debug|x64
		{85EBF9AB-7849-4D39-8A50-70BF637A32A5}.Debug|x64.Build.0 = Debug|x64
		{85EBF9AB-7849-4D39-8A50-70BF637A32A5}.Release_MBCS|Win32.ActiveCfg = Release|x64
		{85EBF9AB-7849-4D39-8A50-70BF637A32A5}.Release_MBCS|x64.ActiveCfg = Release|x64
		{85EBF9AB-7849-4D39-8A50-70BF637A32A5}.Release_MBCS|x64.Build.0 = Release|x64
		{85EBF9AB-7849-4D39-8A50-70BF637A32A5}.Release_static|Win32.ActiveCfg = Release|Win32
		{85EBF9AB-7849-4D39-8A50-70BF637A32A5}.Release_static|Win32.Build.0 = Release|Win32
		{85EBF9AB-7849-4D39-8A50-70BF637A32A5}.Release_static|x64.ActiveCfg = Release|x64
		{85EBF9AB-7849-4D39-8A50-70BF637A32A5}.Release_static|x64.Build.0 = Release|x64
		{85EBF9AB-7849-4D39-8A50-70BF637A32A5}.Release|Win32.ActiveCfg = Release|Win32
		{85EBF9AB-7849-4D39-8A50-70BF637A32A5}.Release|Win32.Build.0 = Release|Win32
		{85EBF9AB-7849-4D39-8A50-70BF637A32A5}.Release|x64.ActiveCfg = Release|x64
		{85EBF9AB-7849-4D39-8A50-70BF637A32A5}.Release|x64.Build.0 = Release|x64
		{88CAD0EE-D7F6-412D-8691-D1FF19534587}.Debug_MBCS|Win32.ActiveCfg = Debug|x64
		{88CAD0EE-D7F6-412D-8691-D1FF19534587}.Debug_MBCS|x64.ActiveCfg = Debug|x64
		{88CAD0EE-D7F6-412D-8691-D1FF19534587}.Debug_MBCS|x64.Build.0 = Debug|x64
		{88CAD0EE-D7F6-412D-8691-D1FF19534587}.Debug|Win32.ActiveCfg = Debug|Win32
		{88CAD0EE-D7F6-412D-8691-D1FF19534587}.Debug|Win32.Build.0 = Debug|Win32
		{88CAD0EE-D7F6-412D-8691-D1FF19534587}.Debug|x64.ActiveCfg = Debug|x64
		{88CAD0EE-D7F6-412D-8691-D1FF19534587}.Debug|x64.Build.0 = Debug|x64
		{88CAD0EE-D7F6-412D-8691-D1FF19534587}.Release_MBCS|Win32.ActiveCfg = Release|x64
		{88CAD0EE-D7F6-412D-8691-D1FF19534587}.Release_MBCS|x64.ActiveCfg = Release|x64
		{88CAD0EE-D7F6-412D-8691-D1FF19534587}.Release_MBCS|x64.Build.0 = Release|x64
		{88CAD0EE-D7F6-412D-8691-D1FF19534587}.Release_static|Win32.ActiveCfg = Release|Win32
		{88CAD0EE-D7F6-412D-8691-D1FF19534587}.Release_static|Win32.Build.0 = Release|Win32
		{88CAD0EE-D7F6-412D-8691-D1FF19534587}.Release_static|x64.ActiveCfg = Release|x64
		{88CAD0EE-D7F6-412D-8691-D1FF19534587}.Release_static|x64.Build.0 = Release|x64
		{88CAD0EE-D7F6-412D-8691-D1FF19534587}.Release|Win32.ActiveCfg = Release|Win32
		{88CAD0EE-D7F6-412D-8691-D1FF19534587}.Release|Win32.Build.0 = Release|Win32
		{88CAD0EE-D7F6-412D-8691-D1FF19534587}.Release|x64.ActiveCfg = Release|x64
		{88CAD0EE-D7F6-412D-8691-D1FF19534587}.Release|x64.Build.0 = Release|x64
		{E8A3F6FA-AE1C-4C8E-A0B6-9C8480324EAA}.Debug_MBCS|Win32.ActiveCfg = Debug_MBCS|Win32
		{E8A3F6FA-AE1C-4C8E-A0B6-9C8480324EAA}.Debug_MBCS|Win32.Build.0 = Debug_MBCS|Win32
		{E8A3F6FA-AE1C-4C8E-A0B6-9C8480324EAA}.Debug_MBCS|x64.ActiveCfg = Debug_MBCS|x64
		{E8A3F6FA-AE1C-4C8E-A0B6-9C8480324EAA}.Debug_MBCS|x64.Build.0 = Debug_MBCS|x64
		{E8A3F6FA-AE1C-4C8E-A0B6-9C8480324EAA}.Debug|Win32.ActiveCfg = Debug|Win32
		{E8A3F6FA-AE1C-4C8E-A0B6-9C8480324EAA}.Debug|Win32.Build.0 = Debug|Win32
		{E8A3F6FA-AE1C-4C8E-A0B6-9C8480324EAA}.Debug|x64.ActiveCfg = Debug|x64
		{E8A3F6FA-AE1C-4C8E-A0B6-9C8480324EAA}.Debug|x64.Build.0 = Debug|x64
		{E8A3F6FA-AE1C-4C8E-A0B6-9C8480324EAA}.Release_MBCS|Win32.ActiveCfg = Release_MBCS|Win32
		{E8A3F6FA-AE1C-4C8E-A0B6-9C8480324EAA}.Release_MBCS|Win32.Build.0 = Release_MBCS|Win32
		{E8A3F6FA-AE1C-4C8E-A0B6-9C8480324EAA}.Release_MBCS|x64.ActiveCfg = Release_MBCS|x64
		{E8A3F6FA-AE1C-4C8E-A0B6-9C8480324EAA}.Release_MBCS|x64.Build.0 = Release_MBCS|x64
		{E8A3F6FA-AE1C-4C8E-A0B6-9C8480324EAA}.Release_static|Win32.ActiveCfg = Release_MBCS|Win32
		{E8A3F6FA-AE1C-4C8E-A0B6-9C8480324EAA}.Release_static|Win32.Build.0 = Release_MBCS|Win32
		{E8A3F6FA-AE1C-4C8E-A0B6-9C8480324EAA}.Release_static|x64.ActiveCfg = Release_MBCS|x64
		{E8A3F6FA-AE1C-4C8E-A0B6-9C8480324EAA}.Release_static|x64.Build.0 = Release_MBCS|x64
		{E8A3F6FA-AE1C-4C8E-A0B6-9C8480324EAA}.Release|Win32.ActiveCfg = Release|Win32
		{E8A3F6FA-AE1C-4C8E-A0B6-9C8480324EAA}.Release|Win32.Build.0 = Release|Win32
		{E8A3F6FA-AE1C-4C8E-A0B6-9C8480324EAA}.Release|x64.ActiveCfg = Release|x64
		{E8A3F6FA-AE1C-4C8E-A0B6-9C8480324EAA}.Release|x64.Build.0 = Release|x64
		{BC3EFE27-9015-4C9C-AD3C-72B3B7ED2114}.Debug_MBCS|Win32.ActiveCfg = Debug|x64
		{BC3EFE27-9015-4C9C-AD3C-72B3B7ED2114}.Debug_MBCS|x64.ActiveCfg = Debug|x64
		{BC3EFE27-9015-4C9C-AD3C-72B3B7ED2114}.Debug_MBCS|x64.Build.0 = Debug|x64
		{BC3EFE27-9015-4C9C-AD3C-72B3B7ED2114}.Debug|Win32.ActiveCfg = Debug|Win32
		{BC3EFE27-9015-4C9C-AD3C-72B3B7ED2114}.Debug|Win32.Build.0 = Debug|Win32
		{BC3EFE27-9015-4C9C-AD3C-72B3B7ED2114}.Debug|x64.ActiveCfg = Debug|x64
		{BC3EFE27-9015-4C9C-AD3C-72B3B7ED2114}.Debug|x64.Build.0 = Debug|x64
		{BC3EFE27-9015-4C9C-AD3C-72B3B7ED2114}.Release_MBCS|Win32.ActiveCfg = Release|x64
		{BC3EFE27-9015-4C9C-AD3C-72B3B7ED2114}.Release_MBCS|x64.ActiveCfg = Release|x64
		{BC3EFE27-9015-4C9C-AD3C-72B3B7ED2114}.Release_MBCS|x64.Build.0 = Release|x64
		{BC3EFE27-9015-4C9C-AD3C-72B3B7ED2114}.Release_static|Win32.ActiveCfg = Release|Win32
		{BC3EFE27-9015-4C9C-AD3C-72B3B7ED2114}.Release_static|Win32.Build.0 = Release|Win32
		{BC3EFE27-9015-4C9C-AD3C-72B3B7ED2114}.Release_static|x64.ActiveCfg = Release|x64
		{BC3EFE27-9015-4C9C-AD3C-72B3B7ED2114}.Release_static|x64.Build.0 = Release|x64
		{BC3EFE27-9015-4C9C-AD3C-72B3B7ED2114}.Release|Win32.ActiveCfg = Release|Win32
		{BC3EFE27-9015-4C9C-AD3C-72B3B7ED2114}.Release|Win32.Build.0 = Release|Win32
		{BC3EFE27-9015-4C9C-AD3C-72B3B7ED2114}.Release|x64.ActiveCfg = Release|x64
		{BC3EFE27-9015-4C9C-AD3C-72B3B7ED2114}.Release|x64.Build.0 = Release|x64
		{77F6A763-E1AD-4A5F-BFD1-A99756FE412C}.Debug_MBCS|Win32.ActiveCfg = Debug|x64
		{77F6A763-E1AD-4A5F-BFD1-A99756FE412C}.Debug_MBCS|x64.ActiveCfg = Debug|x64
		{77F6A763-E1AD-4A5F-BFD1-A99756FE412C}.Debug_MBCS|x64.Build.0 = Debug|x64
		{77F6A763-E1AD-4A5F-BFD1-A99756FE412C}.Debug|Win32.ActiveCfg = Debug|Win32
		{77F6A763-E1AD-4A5F-BFD1-A99756FE412C}.Debug|Win32.Build.0 = Debug|Win32
		{77F6A763-E1AD-4A5F-BFD1-A99756FE412C}.Debug|x64.ActiveCfg = Debug|x64
		{77F6A763-E1AD-4A5F-BFD1-A99756FE412C}.Debug|x64.Build.0 = Debug|x64
		{77F6A763-E1AD-4A5F-BFD1-A99756FE412C}.Release_MBCS|Win32.ActiveCfg = Release|x64
		{77F6A763-E1AD-4A5F-BFD1-A99756FE412C}.Release_MBCS|x64.ActiveCfg = Release|x64
		{77F6A763-E1AD-4A5F-BFD1-A99756FE412C}.Release_MBCS|x64.Build.0 = Release|x64
		{77F6A763-E1AD-4A5F-BFD1-A99756FE412C}.Release_static|Win32.ActiveCfg = Release|Win32
		{77F6A763-E1AD-4A5F-BFD1-A99756FE412C}.Release_static|Win32.Build.0 = Release|Win32
		{77F6A763-E1AD-4A5F-BFD1-A99756FE412C}.Release_static|x64.ActiveCfg = Release|x64
		{77F6A763-E1AD-4A5F-BFD1-A99756FE412C}.Release_static|x64.Build.0 = Release|x64
		{77F6A763-E1AD-4A5F-BFD1-A99756FE412C}.Release|Win32.ActiveCfg = Release|Win32
		{77F6A763-E1AD-4A5F-BFD1-A99756FE412C}.Release|Win32.Build.0 = Release|Win32
		{77F6A763-E1AD-4A5F-BFD1-A99756FE412C}.Release|x64.ActiveCfg = Release|x64
		{77F6A763-E1AD-4A5F-BFD1-A99756FE412C}.Release|x64.Build.0 = Release|x64
		{A3869304-1481-431E-B7C6-C4ED342106EB}.Debug_MBCS|Win32.ActiveCfg = Debug|x64
		{A3869304-1481-431E-B7C6-C4ED342106EB}.Debug_MBCS|x64.ActiveCfg = Debug|x64
		{A3869304-1481-431E-B7C6-C4ED342106EB}.Debug_MBCS|x64.Build.0 = Debug|x64
		{A3869304-1481-431E-B7C6-C4ED342106EB}.Debug|Win32.ActiveCfg = Debug|Win32
		{A3869304-1481-431E-B7C6-C4ED342106EB}.Debug|Win32.Build.0 = Debug|Win32
		{A3869304-1481-431E-B7C6-C4ED342106EB}.Debug|x64.ActiveCfg = Debug|x64
		{A3869304-1481-431E-B7C6-C4ED342106EB}.Debug|x64.Build.0 = Debug|x64
		{A3869304-1481-431E-B7C6-C4ED342106EB}.Release_MBCS|Win32.ActiveCfg = Release|x64
		{A3869304-1481-431E-B7C6-C4ED342106EB}.Release_MBCS|x64.ActiveCfg = Release|x64
		{A3869304-1481-431E-B7C6-C4ED342106EB}.Release_MBCS|x64.Build.0 = Release|x64
		{A3869304-1481-431E-B7C6-C4ED342106EB}.Release_static|Win32.ActiveCfg = Release|Win32
		{A3869304-1481-431E-B7C6-C4ED342106EB}.Release_static|Win32.Build.0 = Release|Win32
		{A3869304-1481-431E-B7C6-C4ED342106EB}.Release_static|x64.ActiveCfg = Release|x64
		{A3869304-1481-431E-B7C6-C4ED342106EB}.Release_static|x64.Build.0 = Release|x64
		{A3869304-1481-431E-B7C6-C4ED342106EB}.Release|Win32.ActiveCfg = Release|Win32
		{A3869304-1481-431E-B7C6-C4ED342106EB}.Release|Win32.Build.0 = Release|Win32
		{A3869304-1481-431E-B7C6-C4ED342106EB}.Release|x64.ActiveCfg = Release|x64
		{A3869304-1481-431E-B7C6-C4ED342106EB}.Release|x64.Build.0 = Release|x64
		{F92B34A6-7FA5-4497-96B1-0BC32E3080C0}.Debug_MBCS|Win32.ActiveCfg = Debug|x64
		{F92B34A6-7FA5-4497-96B1-0BC32E3080C0}.Debug_MBCS|x64.ActiveCfg = Debug|x64
		{F92B34A6-7FA5-4497-96B1-0BC32E3080C0}.Debug_MBCS|x64.Build.0 = Debug|x64
		{F92B34A6-7FA5-4497-96B1-0BC32E3080C0}.Debug|Win32.ActiveCfg = Debug|Win32
		{F92B34A6-7FA5-4497-96B1-0BC32E3080C0}.Debug|Win32.Build.0 = Debug|Win32
		{F92B34A6-7FA5-4497-96B1-0BC32E3080C0}.Debug|x64.ActiveCfg = Debug|x64
		{F92B34A6-7FA5-4497-96B1-0BC32E3080C0}.Debug|x64.Build.0 = Debug|x64
		{F92B34A6-7FA5-4497-96B1-0BC32E3080C0}.Release_MBCS|Win32.ActiveCfg = Release|x64
		{F92B34A6-7FA5-4497-96B1-0BC32E3080C0}.Release_MBCS|x64.ActiveCfg = Release|x64
		{F92B34A6-7FA5-4497-96B1-0BC32E3080C0}.Release_MBCS|x64.Build.0 = Release|x64
		{F92B34A6-7FA5-4497-96B1-0BC32E3080C0}.Release_static|Win32.ActiveCfg = Release|Win32
		{F92B34A6-7FA5-4497-96B1-0BC32E3080C0}.Release_static|Win32.Build.0 = Release|Win32
		{F92B34A6-7FA5-4497-96B1-0BC32E3080C0}.Release_static|x64.ActiveCfg = Release|x64
		{F92B34A6-7FA5-4497-96B1-0BC32E3080C0}.Release_static|x64.Build.0 = Release|x64
		{F92B34A6-7FA5-4497-96B1-0BC32E3080C0}.Release|Win32.ActiveCfg = Release|Win32
		{F92B34A6-7FA5-4497-96B1-0BC32E3080C0}.Release|Win32.Build.0 = Release|Win32
		{F92B34A6-7FA5-4497-96B1-0BC32E3080C0}.Release|x64.ActiveCfg = Release|x64
		{F92B34A6-7FA5-4497-96B1-0BC32E3080C0}.Release|x64.Build.0 = Release|x64
		{40AAC5F0-4EE9-4666-B28A-B52A93054C01}.Debug_MBCS|Win32.ActiveCfg = Debug|x64
		{40AAC5F0-4EE9-4666-B28A-B52A93054C01}.Debug_MBCS|x64.ActiveCfg = Debug|x64
		{40AAC5F0-4EE9-4666-B28A-B52A93054C01}.Debug_MBCS|x64.Build.0 = Debug|x64
		{40AAC5F0-4EE9-4666-B28A-B52A93054C01}.Debug|Win32.ActiveCfg = Debug|Win32
		{40AAC5F0-4EE9-4666-B28A-B52A93054C01}.Debug|Win32.Build.0 = Debug|Win32
		{40AAC5F0-4EE9-4666-B28A-B52A93054C01}.Debug|x64.ActiveCfg = Debug|x64
		{40AAC5F0-4EE9-4666-B28A-B52A93054C01}.Debug|x64.Build.0 = Debug|x64
		{40AAC5F0-4EE9-4666-B28A-B52A93054C01}.Release_MBCS|Win32.ActiveCfg = Release|x64
		{40AAC5F0-4EE9-4666-B28A-B52A93054C01}.Release_MBCS|x64.ActiveCfg = Release|x64
		{40AAC5F0-4EE9-4666-B28A-B52A93054C01}.Release_MBCS|x64.Build.0 = Release|x64
		{40AAC5F0-4EE9-4666-B28A-B52A93054C01}.Release_static|Win32.ActiveCfg = Release|Win32
		{40AAC5F0-4EE9-4666-B28A-B52A93054C01}.Release_static|Win32.Build.0 = Release|Win32
		{40AAC5F0-4EE9-4666-B28A-B52A93054C01}.Release_static|x64.ActiveCfg = Release|x64
		{40AAC5F0-4EE9-4666-B28A-B52A93054C01}.Release_static|x64.Build.0 = Release|x64
		{40AAC5F0-4EE9-4666-B28A-B52A93054C01}.Release|Win32.ActiveCfg = Release|Win32
		{40AAC5F0-4EE9-4666-B28A-B52A93054C01}.Release|Win32.Build.0 = Release|Win32
		{40AAC5F0-4EE9-4666-B28A-B52A93054C01}.Release|x64.ActiveCfg = Release|x64
		{40AAC5F0-4EE9-4666-B28A-B52A93054C01}.Release|x64.Build.0 = Release|x64
		{4643172B-63E9-4CCC-9BF1-69BAAD254AB0}.Debug_MBCS|Win32.ActiveCfg = Debug|x64
		{4643172B-63E9-4CCC-9BF1-69BAAD254AB0}.Debug_MBCS|x64.ActiveCfg = Debug|x64
		{4643172B-63E9-4CCC-9BF1-69BAAD254AB0}.Debug_MBCS|x64.Build.0 = Debug|x64
		{4643172B-63E9-4CCC-9BF1-69BAAD254AB0}.Debug|Win32.ActiveCfg = Debug|Win32
		{4643172B-63E9-4CCC-9BF1-69BAAD254AB0}.Debug|Win32.Build.0 = Debug|Win32
		{4643172B-63E9-4CCC-9BF1-69BAAD254AB0}.Debug|x64.ActiveCfg = Debug|x64
		{4643172B-63E9-4CCC-9BF1-69BAAD254AB0}.Debug|x64.Build.0 = Debug|x64
		{4643172B-63E9-4CCC-9BF1-69BAAD254AB0}.Release_MBCS|Win32.ActiveCfg = Release|x64
		{4643172B-63E9-4CCC-9BF1-69BAAD254AB0}.Release_MBCS|x64.ActiveCfg = Release|x64
		{4643172B-63E9-4CCC-9BF1-69BAAD254AB0}.Release_MBCS|x64.Build.0 = Release|x64
		{4643172B-63E9-4CCC-9BF1-69BAAD254AB0}.Release_static|Win32.ActiveCfg = Release|Win32
		{4643172B-63E9-4CCC-9BF1-69BAAD254AB0}.Release_static|Win32.Build.0 = Release|Win32
		{4643172B-63E9-4CCC-9BF1-69BAAD254AB0}.Release_static|x64.ActiveCfg = Release|x64
		{4643172B-63E9-4CCC-9BF1-69BAAD254AB0}.Release_static|x64.Build.0 = Release|x64
		{4643172B-63E9-4CCC-9BF1-69BAAD254AB0}.Release|Win32.ActiveCfg = Release|Win32
		{4643172B-63E9-4CCC-9BF1-69BAAD254AB0}.Release|Win32.Build.0 = Release|Win32
		{4643172B-63E9-4CCC-9BF1-69BAAD254AB0}.Release|x64.ActiveCfg = Release|x64
		{4643172B-63E9-4CCC-9BF1-69BAAD254AB0}.Release|x64.Build.0 = Release|x64
		{97FB8E71-E5AA-4CC6-B719-F55898873603}.Debug_MBCS|Win32.ActiveCfg = Debug|x64
		{97FB8E71-E5AA-4CC6-B719-F55898873603}.Debug_MBCS|x64.ActiveCfg = Debug|x64
		{97FB8E71-E5AA-4CC6-B719-F55898873603}.Debug_MBCS|x64.Build.0 = Debug|x64
		{97FB8E71-E5AA-4CC6-B719-F55898873603}.Debug|Win32.ActiveCfg = Debug|Win32
		{97FB8E71-E5AA-4CC6-B719-F55898873603}.Debug|Win32.Build.0 = Debug|Win32
		{97FB8E71-E5AA-4CC6-B719-F55898873603}.Debug|x64.ActiveCfg = Debug|x64
		{97FB8E71-E5AA-4CC6-B719-F55898873603}.Debug|x64.Build.0 = Debug|x64
		{97FB8E71-E5AA-4CC6-B719-F55898873603}.Release_MBCS|Win32.ActiveCfg = Release|x64
		{97FB8E71-E5AA-4CC6-B719-F55898873603}.Release_MBCS|x64.ActiveCfg = Release|x64
		{97FB8E71-E5AA-4CC6-B719-F55898873603}.Release_MBCS|x64.Build.0 = Release|x64
		{97FB8E71-E5AA-4CC6-B719-F55898873603}.Release_static|Win32.ActiveCfg = Release|Win32
		{97FB8E71-E5AA-4CC6-B719-F55898873603}.Release_static|Win32.Build.0 = Release|Win32
		{97FB8E71-E5AA-4CC6-B719-F55898873603}.Release_static|x64.ActiveCfg = Release|x64
		{97FB8E71-E5AA-4CC6-B719-F55898873603}.Release_static|x64.Build.0 = Release|x64
		{97FB8E71-E5AA-4CC6-B719-F55898873603}.Release|Win32.ActiveCfg = Release|Win32
		{97FB8E71-E5AA-4CC6-B719-F55898873603}.Release|Win32.Build.0 = Release|Win32
		{97FB8E71-E5AA-4CC6-B719-F55898873603}.Release|x64.ActiveCfg = Release|x64
		{97FB8E71-E5AA-4CC6-B719-F55898873603}.Release|x64.Build.0 = Release|x64
		{007F4889-0E3B-439C-A6E6-DF64121609E3}.Debug_MBCS|Win32.ActiveCfg = Debug|x64
		{007F4889-0E3B-439C-A6E6-DF64121609E3}.Debug_MBCS|x64.ActiveCfg = Debug|x64
		{007F4889-0E3B-439C-A6E6-DF64121609E3}.Debug_MBCS|x64.Build.0 = Debug|x64
		{007F4889-0E3B-439C-A6E6-DF64121609E3}.Debug|Win32.ActiveCfg = Debug|Win32
		{007F4889-0E3B-439C-A6E6-DF64121609E3}.Debug|Win32.Build.0 = Debug|Win32
		{007F4889-0E3B-439C-A6E6-DF64121609E3}.Debug|x64.ActiveCfg = Debug|x64
		{007F4889-0E3B-439C-A6E6-DF64121609E3}.Debug|x64.Build.0 = Debug|x64
		{007F4889-0E3B-439C-A6E6-DF64121609E3}.Release_MBCS|Win32.ActiveCfg = Release|x64
		{007F4889-0E3B-439C-A6E6-DF64121609E3}.Release_MBCS|x64.ActiveCfg = Release|x64
		{007F4889-0E3B-439C-A6E6-DF64121609E3}.Release_MBCS|x64.Build.0 = Release|x64
		{007F4889-0E3B-439C-A6E6-DF64121609E3}.Release_static|Win32.ActiveCfg = Release|Win32
		{007F4889-0E3B-439C-A6E6-DF64121609E3}.Release_static|Win32.Build.0 = Release|Win32
		{007F4889-0E3B-439C-A6E6-DF64121609E3}.Release_static|x64.ActiveCfg = Release|x64
		{007F4889-0E3B-439C-A6E6-DF64121609E3}.Release_static|x64.Build.0 = Release|x64
		{007F4889-0E3B-439C-A6E6-DF64121609E3}.Release|Win32.ActiveCfg = Release|Win32
		{007F4889-0E3B-439C-A6E6-DF64121609E3}.Release|Win32.Build.0 = Release|Win32
		{007F4889-0E3B-439C-A6E6-DF64121609E3}.Release|x64.ActiveCfg = Release|x64
		{007F4889-0E3B-439C-A6E6-DF64121609E3}.Release|x64.Build.0 = Release|x64
		{49A52336-1C89-4567-9127-7741D153D5CA}.Debug_MBCS|Win32.ActiveCfg = Debug|x64
		{49A52336-1C89-4567-9127-7741D153D5CA}.Debug_MBCS|x64.ActiveCfg = Debug|x64
		{49A52336-1C89-4567-9127-7741D153D5CA}.Debug_MBCS|x64.Build.0 = Debug|x64
		{49A52336-1C89-4567-9127-7741D153D5CA}.Debug|Win32.ActiveCfg = Debug|Win32
		{49A52336-1C89-4567-9127-7741D153D5CA}.Debug|Win32.Build.0 = Debug|Win32
		{49A52336-1C89-4567-9127-7741D153D5CA}.Debug|x64.ActiveCfg = Debug|x64
		{49A52336-1C89-4567-9127-7741D153D5CA}.Debug|x64.Build.0 = Debug|x64
		{49A52336-1C89-4567-9127-7741D153D5CA}.Release_MBCS|Win32.ActiveCfg = Release|x64
		{49A52336-1C89-4567-9127-7741D153D5CA}.Release_MBCS|x64.ActiveCfg = Release|x64
		{49A52336-1C89-4567-9127-7741D153D5CA}.Release_MBCS|x64.Build.0 = Release|x64
		{49A52336-1C89-4567-9127-7741D153D5CA}.Release_static|Win32.ActiveCfg = Release|Win32
		{49A52336-1C89-4567-9127-7741D153D5CA}.Release_static|Win32.Build.0 = Release|Win32
		{49A52336-1C89-4567-9127-7741D153D5CA}.Release_static|x64.ActiveCfg = Release|x64
		{49A52336-1C89-4567-9127-7741D153D5CA}.Release_static|x64.Build.0 = Release|x64
		{49A52336-1C89-4567-9127-7741D153D5CA}.Release|Win32.ActiveCfg = Release|Win32
		{49A52336-1C89-4567-9127-7741D153D5CA}.Release|Win32.Build.0 = Release|Win32
		{49A52336-1C89-4567-9127-7741D153D5CA}.Release|x64.ActiveCfg = Release|x64
		{49A52336-1C89-4567-9127-7741D153D5CA}.Release|x64.Build.0 = Release|x64
		{29E9C107-4AB5-42BB-A40A-9D3E71F5FE18}.Debug_MBCS|Win32.ActiveCfg = Debug
		{29E9C107-4AB5-42BB-A40A-9D3E71F5FE18}.Debug_MBCS|x64.ActiveCfg = Debug
		{29E9C107-4AB5-42BB-A40A-9D3E71F5FE18}.Debug|Win32.ActiveCfg = Debug
		{29E9C107-4AB5-42BB-A40A-9D3E71F5FE18}.Debug|x64.ActiveCfg = Debug
		{29E9C107-4AB5-42BB-A40A-9D3E71F5FE18}.Release_MBCS|Win32.ActiveCfg = Release
		{29E9C107-4AB5-42BB-A40A-9D3E71F5FE18}.Release_MBCS|x64.ActiveCfg = Release
		{29E9C107-4AB5-42BB-A40A-9D3E71F5FE18}.Release_static|Win32.ActiveCfg = Release
		{29E9C107-4AB5-42BB-A40A-9D3E71F5FE18}.Release_static|Win32.Build.0 = Release
		{29E9C107-4AB5-42BB-A40A-9D3E71F5FE18}.Release_static|x64.ActiveCfg = Release
		{29E9C107-4AB5-42BB-A40A-9D3E71F5FE18}.Release_static|x64.Build.0 = Release
		{29E9C107-4AB5-42BB-A40A-9D3E71F5FE18}.Release|Win32.ActiveCfg = Release
		{29E9C107-4AB5-42BB-A40A-9D3E71F5FE18}.Release|x64.ActiveCfg = Release
		{178CA9B3-D4E4-46AC-89F1-96E163B2E369}.Debug_MBCS|Win32.ActiveCfg = Debug|Win32
		{178CA9B3-D4E4-46AC-89F1-96E163B2E369}.Debug_MBCS|Win32.Build.0 = Debug|Win32
		{178CA9B3-D4E4-46AC-89F1-96E163B2E369}.Debug_MBCS|x64.ActiveCfg = Debug|x64
		{178CA9B3-D4E4-46AC-89F1-96E163B2E369}.Debug_MBCS|x64.Build.0 = Debug|x64
		{178CA9B3-D4E4-46AC-89F1-96E163B2E369}.Debug|Win32.ActiveCfg = Debug|Win32
		{178CA9B3-D4E4-46AC-89F1-96E163B2E369}.Debug|Win32.Build.0 = Debug|Win32
		{178CA9B3-D4E4-46AC-89F1-96E163B2E369}.Debug|x64.ActiveCfg = Debug|x64
		{178CA9B3-D4E4-46AC-89F1-96E163B2E369}.Debug|x64.Build.0 = Debug|x64
		{178CA9B3-D4E4-46AC-89F1-96E163B2E369}.Release_MBCS|Win32.ActiveCfg = Release_static|Win32
		{178CA9B3-D4E4-46AC-89F1-96E163B2E369}.Release_MBCS|Win32.Build.0 = Release_static|Win32
		{178CA9B3-D4E4-46AC-89F1-96E163B2E369}.Release_MBCS|x64.ActiveCfg = Release_static|x64
		{178CA9B3-D4E4-46AC-89F1-96E163B2E369}.Release_MBCS|x64.Build.0 = Release_static|x64
		{178CA9B3-D4E4-46AC-89F1-96E163B2E369}.Release_static|Win32.ActiveCfg = Release_static|Win32
		{178CA9B3-D4E4-46AC-89F1-96E163B2E369}.Release_static|Win32.Build.0 = Release_static|Win32
		{178CA9B3-D4E4-46AC-89F1-96E163B2E369}.Release_static|x64.ActiveCfg = Release_static|x64
		{178CA9B3-D4E4-46AC-89F1-96E163B2E369}.Release_static|x64.Build.0 = Release_static|x64
		{178CA9B3-D4E4-46AC-89F1-96E163B2E369}.Release|Win32.ActiveCfg = Release|Win32
		{178CA9B3-D4E4-46AC-89F1-96E163B2E369}.Release|Win32.Build.0 = Release|Win32
		{178CA9B3-D4E4-46AC-89F1-96E163B2E369}.Release|x64.ActiveCfg = Release|x64
		{178CA9B3-D4E4-46AC-89F1-96E163B2E369}.Release|x64.Build.0 = Release|x64
		{12DB0781-4C1D-49EE-BDA8-226D44E9182F}.Debug_MBCS|Win32.ActiveCfg = Debug|Win32
		{12DB0781-4C1D-49EE-BDA8-226D44E9182F}.Debug_MBCS|Win32.Build.0 = Debug|Win32
		{12DB0781-4C1D-49EE-BDA8-226D44E9182F}.Debug_MBCS|x64.ActiveCfg = Debug|x64
		{12DB0781-4C1D-49EE-BDA8-226D44E9182F}.Debug_MBCS|x64.Build.0 = Debug|x64
		{12DB0781-4C1D-49EE-BDA8-226D44E9182F}.Debug|Win32.ActiveCfg = Debug|Win32
		{12DB0781-4C1D-49EE-BDA8-226D44E9182F}.Debug|Win32.Build.0 = Debug|Win32
		{12DB0781-4C1D-49EE-BDA8-226D44E9182F}.Debug|x64.ActiveCfg = Debug|x64
		{12DB0781-4C1D-49EE-BDA8-226D44E9182F}.Debug|x64.Build.0 = Debug|x64
		{12DB0781-4C1D-49EE-BDA8-226D44E9182F}.Release_MBCS|Win32.ActiveCfg = Release_static|Win32
		{12DB0781-4C1D-49EE-BDA8-226D44E9182F}.Release_MBCS|Win32.Build.0 = Release_static|Win32
		{12DB0781-4C1D-49EE-BDA8-226D44E9182F}.Release_MBCS|x64.ActiveCfg = Release_static|x64
		{12DB0781-4C1D-49EE-BDA8-226D44E9182F}.Release_MBCS|x64.Build.0 = Release_static|x64
		{12DB0781-4C1D-49EE-BDA8-226D44E9182F}.Release_static|Win32.ActiveCfg = Release_static|Win32
		{12DB0781-4C1D-49EE-BDA8-226D44E9182F}.Release_static|Win32.Build.0 = Release_static|Win32
		{12DB0781-4C1D-49EE-BDA8-226D44E9182F}.Release_static|x64.ActiveCfg = Release_static|x64
		{12DB0781-4C1D-49EE-BDA8-226D44E9182F}.Release_static|x64.Build.0 = Release_static|x64
		{12DB0781-4C1D-49EE-BDA8-226D44E9182F}.Release|Win32.ActiveCfg = Release|Win32
		{12DB0781-4C1D-49EE-BDA8-226D44E9182F}.Release|Win32.Build.0 = Release|Win32
		{12DB0781-4C1D-49EE-BDA8-226D44E9182F}.Release|x64.ActiveCfg = Release|x64
		{12DB0781-4C1D-49EE-BDA8-226D44E9182F}.Release|x64.Build.0 = Release|x64
		{D285AFB1-F7BA-4582-97AD-897AE95CA5AF}.Debug_MBCS|Win32.ActiveCfg = Debug|Win32
		{D285AFB1-F7BA-4582-97AD-897AE95CA5AF}.Debug_MBCS|Win32.Build.0 = Debug|Win32
		{D285AFB1-F7BA-4582-97AD-897AE95CA5AF}.Debug_MBCS|x64.ActiveCfg = Debug|x64
		{D285AFB1-F7BA-4582-97AD-897AE95CA5AF}.Debug_MBCS|x64.Build.0 = Debug|x64
		{D285AFB1-F7BA-4582-97AD-897AE95CA5AF}.Debug|Win32.ActiveCfg = Debug|Win32
		{D285AFB1-F7BA-4582-97AD-897AE95CA5AF}.Debug|Win32.Build.0 = Debug|Win32
		{D285AFB1-F7BA-4582-97AD-897AE95CA5AF}.Debug|x64.ActiveCfg = Debug|x64
		{D285AFB1-F7BA-4582-97AD-897AE95CA5AF}.Debug|x64.Build.0 = Debug|x64
		{D285AFB1-F7BA-4582-97AD-897AE95CA5AF}.Release_MBCS|Win32.ActiveCfg = Release_static|Win32
		{D285AFB1-F7BA-4582-97AD-897AE95CA5AF}.Release_MBCS|Win32.Build.0 = Release_static|Win32
		{D285AFB1-F7BA-4582-97AD-897AE95CA5AF}.Release_MBCS|x64.ActiveCfg = Release_static|x64
		{D285AFB1-F7BA-4582-97AD-897AE95CA5AF}.Release_MBCS|x64.Build.0 = Release_static|x64
		{D285AFB1-F7BA-4582-97AD-897AE95CA5AF}.Release_static|Win32.ActiveCfg = Release_static|Win32
		{D285AFB1-F7BA-4582-97AD-897AE95CA5AF}.Release_static|Win32.Build.0 = Release_static|Win32
		{D285AFB1-F7BA-4582-97AD-897AE95CA5AF}.Release_static|x64.ActiveCfg = Release_static|x64
		{D285AFB1-F7BA-4582-97AD-897AE95CA5AF}.Release_static|x64.Build.0 = Release_static|x64
		{D285AFB1-F7BA-4582-97AD-897AE95CA5AF}.Release|Win32.ActiveCfg = Release|Win32
		{D285AFB1-F7BA-4582-97AD-897AE95CA5AF}.Release|Win32.Build.0 = Release|Win32
		{D285AFB1-F7BA-4582-97AD-897AE95CA5AF}.Release|x64.ActiveCfg = Release|x64
		{D285AFB1-F7BA-4582-97AD-897AE95CA5AF}.Release|x64.Build.0 = Release|x64
		{5B2A8247-8358-481A-A098-89270D417CC4}.Debug_MBCS|Win32.ActiveCfg = Debug|Win32
		{5B2A8247-8358-481A-A098-89270D417CC4}.Debug_MBCS|Win32.Build.0 = Debug|Win32
		{5B2A8247-8358-481A-A098-89270D417CC4}.Debug_MBCS|x64.ActiveCfg = Debug|x64
		{5B2A8247-8358-481A-A098-89270D417CC4}.Debug_MBCS|x64.Build.0 = Debug|x64
		{5B2A8247-8358-481A-A098-89270D417CC4}.Debug|Win32.ActiveCfg = Debug|Win32
		{5B2A8247-8358-481A-A098-89270D417CC4}.Debug|Win32.Build.0 = Debug|Win32
		{5B2A8247-8358-481A-A098-89270D417CC4}.Debug|x64.ActiveCfg = Debug|x64
		{5B2A8247-8358-481A-A098-89270D417CC4}.Debug|x64.Build.0 = Debug|x64
		{5B2A8247-8358-481A-A098-89270D417CC4}.Release_MBCS|Win32.ActiveCfg = Release_static|Win32
		{5B2A8247-8358-481A-A098-89270D417CC4}.Release_MBCS|Win32.Build.0 = Release_static|Win32
		{5B2A8247-8358-481A-A098-89270D417CC4}.Release_MBCS|x64.ActiveCfg = Release_static|x64
		{5B2A8247-8358-481A-A098-89270D417CC4}.Release_MBCS|x64.Build.0 = Release_static|x64
		{5B2A8247-8358-481A-A098-89270D417CC4}.Release_static|Win32.ActiveCfg = Release_static|Win32
		{5B2A8247-8358-481A-A098-89270D417CC4}.Release_static|Win32.Build.0 = Release_static|Win32
		{5B2A8247-8358-481A-A098-89270D417CC4}.Release_static|x64.ActiveCfg = Release_static|x64
		{5B2A8247-8358-481A-A098-89270D417CC4}.Release_static|x64.Build.0 = Release_static|x64
		{5B2A8247-8358-481A-A098-89270D417CC4}.Release|Win32.ActiveCfg = Release|Win32
		{5B2A8247-8358-481A-A098-89270D417CC4}.Release|Win32.Build.0 = Release|Win32
		{5B2A8247-8358-481A-A098-89270D417CC4}.Release|x64.ActiveCfg = Release|x64
		{5B2A8247-8358-481A-A098-89270D417CC4}.Release|x64.Build.0 = Release|x64
		{AB3C1FC9-7F5A-4E8F-A320-FD7998E88BCA}.Debug_MBCS|Win32.ActiveCfg = Debug|Win32
		{AB3C1FC9-7F5A-4E8F-A320-FD7998E88BCA}.Debug_MBCS|Win32.Build.0 = Debug|Win32
		{AB3C1FC9-7F5A-4E8F-A320-FD7998E88BCA}.Debug_MBCS|x64.ActiveCfg = Debug|x64
		{AB3C1FC9-7F5A-4E8F-A320-FD7998E88BCA}.Debug_MBCS|x64.Build.0 = Debug|x64
		{AB3C1FC9-7F5A-4E8F-A320-FD7998E88BCA}.Debug|Win32.ActiveCfg = Debug|Win32
		{AB3C1FC9-7F5A-4E8F-A320-FD7998E88BCA}.Debug|Win32.Build.0 = Debug|Win32
		{AB3C1FC9-7F5A-4E8F-A320-FD7998E88BCA}.Debug|x64.ActiveCfg = Debug|x64
		{AB3C1FC9-7F5A-4E8F-A320-FD7998E88BCA}.Debug|x64.Build.0 = Debug|x64
		{AB3C1FC9-7F5A-4E8F-A320-FD7998E88BCA}.Release_MBCS|Win32.ActiveCfg = Release_static|Win32
		{AB3C1FC9-7F5A-4E8F-A320-FD7998E88BCA}.Release_MBCS|Win32.Build.0 = Release_static|Win32
		{AB3C1FC9-7F5A-4E8F-A320-FD7998E88BCA}.Release_MBCS|x64.ActiveCfg = Release_static|x64
		{AB3C1FC9-7F5A-4E8F-A320-FD7998E88BCA}.Release_MBCS|x64.Build.0 = Release_static|x64
		{AB3C1FC9-7F5A-4E8F-A320-FD7998E88BCA}.Release_static|Win32.ActiveCfg = Release_static|Win32
		{AB3C1FC9-7F5A-4E8F-A320-FD7998E88BCA}.Release_static|Win32.Build.0 = Release_static|Win32
		{AB3C1FC9-7F5A-4E8F-A320-FD7998E88BCA}.Release_static|x64.ActiveCfg = Release_static|x64
		{AB3C1FC9-7F5A-4E8F-A320-FD7998E88BCA}.Release_static|x64.Build.0 = Release_static|x64
		{AB3C1FC9-7F5A-4E8F-A320-FD7998E88BCA}.Release|Win32.ActiveCfg = Release|Win32
		{AB3C1FC9-7F5A-4E8F-A320-FD7998E88BCA}.Release|Win32.Build.0 = Release|Win32
		{AB3C1FC9-7F5A-4E8F-A320-FD7998E88BCA}.Release|x64.ActiveCfg = Release|x64
		{AB3C1FC9-7F5A-4E8F-A320-FD7998E88BCA}.Release|x64.Build.0 = Release|x64
		{9804F192-9FD5-4A41-ADF2-29BBC979ECFD}.Debug_MBCS|Win32.ActiveCfg = Debug|Win32
		{9804F192-9FD5-4A41-ADF2-29BBC979ECFD}.Debug_MBCS|Win32.Build.0 = Debug|Win32
		{9804F192-9FD5-4A41-ADF2-29BBC979ECFD}.Debug_MBCS|x64.ActiveCfg = Debug|x64
		{9804F192-9FD5-4A41-ADF2-29BBC979ECFD}.Debug_MBCS|x64.Build.0 = Debug|x64
		{9804F192-9FD5-4A41-ADF2-29BBC979ECFD}.Debug|Win32.ActiveCfg = Debug|Win32
		{9804F192-9FD5-4A41-ADF2-29BBC979ECFD}.Debug|Win32.Build.0 = Debug|Win32
		{9804F192-9FD5-4A41-ADF2-29BBC979ECFD}.Debug|x64.ActiveCfg = Debug|x64
		{9804F192-9FD5-4A41-ADF2-29BBC979ECFD}.Debug|x64.Build.0 = Debug|x64
		{9804F192-9FD5-4A41-ADF2-29BBC979ECFD}.Release_MBCS|Win32.ActiveCfg = Release_static|Win32
		{9804F192-9FD5-4A41-ADF2-29BBC979ECFD}.Release_MBCS|Win32.Build.0 = Release_static|Win32
		{9804F192-9FD5-4A41-ADF2-29BBC979ECFD}.Release_MBCS|x64.ActiveCfg = Release_static|x64
		{9804F192-9FD5-4A41-ADF2-29BBC979ECFD}.Release_MBCS|x64.Build.0 = Release_static|x64
		{9804F192-9FD5-4A41-ADF2-29BBC979ECFD}.Release_static|Win32.ActiveCfg = Release_static|Win32
		{9804F192-9FD5-4A41-ADF2-29BBC979ECFD}.Release_static|Win32.Build.0 = Release_static|Win32
		{9804F192-9FD5-4A41-ADF2-29BBC979ECFD}.Release_static|x64.ActiveCfg = Release_static|x64
		{9804F192-9FD5-4A41-ADF2-29BBC979ECFD}.Release_static|x64.Build.0 = Release_static|x64
		{9804F192-9FD5-4A41-ADF2-29BBC979ECFD}.Release|Win32.ActiveCfg = Release|Win32
		{9804F192-9FD5-4A41-ADF2-29BBC979ECFD}.Release|Win32.Build.0 = Release|Win32
		{9804F192-9FD5-4A41-ADF2-29BBC979ECFD}.Release|x64.ActiveCfg = Release|x64
		{9804F192-9FD5-4A41-ADF2-29BBC979ECFD}.Release|x64.Build.0 = Release|x64
		{F78F780F-2042-44EA-9804-A1CB0C908611}.Debug_MBCS|Win32.ActiveCfg = Debug|Win32
		{F78F780F-2042-44EA-9804-A1CB0C908611}.Debug_MBCS|Win32.Build.0 = Debug|Win32
		{F78F780F-2042-44EA-9804-A1CB0C908611}.Debug_MBCS|x64.ActiveCfg = Debug|x64
		{F78F780F-2042-44EA-9804-A1CB0C908611}.Debug_MBCS|x64.Build.0 = Debug|x64
		{F78F780F-2042-44EA-9804-A1CB0C908611}.Debug|Win32.ActiveCfg = Debug|Win32
		{F78F780F-2042-44EA-9804-A1CB0C908611}.Debug|Win32.Build.0 = Debug|Win32
		{F78F780F-2042-44EA-9804-A1CB0C908611}.Debug|x64.ActiveCfg = Debug|x64
		{F78F780F-2042-44EA-9804-A1CB0C908611}.Debug|x64.Build.0 = Debug|x64
		{F78F780F-2042-44EA-9804-A1CB0C908611}.Release_MBCS|Win32.ActiveCfg = Release_static|Win32
		{F78F780F-2042-44EA-9804-A1CB0C908611}.Release_MBCS|Win32.Build.0 = Release_static|Win32
		{F78F780F-2042-44EA-9804-A1CB0C908611}.Release_MBCS|x64.ActiveCfg = Release_static|x64
		{F78F780F-2042-44EA-9804-A1CB0C908611}.Release_MBCS|x64.Build.0 = Release_static|x64
		{F78F780F-2042-44EA-9804-A1CB0C908611}.Release_static|Win32.ActiveCfg = Release_static|Win32
		{F78F780F-2042-44EA-9804-A1CB0C908611}.Release_static|Win32.Build.0 = Release_static|Win32
		{F78F780F-2042-44EA-9804-A1CB0C908611}.Release_static|x64.ActiveCfg = Release_static|x64
		{F78F780F-2042-44EA-9804-A1CB0C908611}.Release_static|x64.Build.0 = Release_static|x64
		{F78F780F-2042-44EA-9804-A1CB0C908611}.Release|Win32.ActiveCfg = Release|Win32
		{F78F780F-2042-44EA-9804-A1CB0C908611}.Release|Win32.Build.0 = Release|Win32
		{F78F780F-2042-44EA-9804-A1CB0C908611}.Release|x64.ActiveCfg = Release|x64
		{F78F780F-2042-44EA-9804-A1CB0C908611}.Release|x64.Build.0 = Release|x64
		{BCDA86B2-7DE3-4F8F-B54B-91EFD4154E36}.Debug_MBCS|Win32.ActiveCfg = Debug|Win32
		{BCDA86B2-7DE3-4F8F-B54B-91EFD4154E36}.Debug_MBCS|Win32.Build.0 = Debug|Win32
		{BCDA86B2-7DE3-4F8F-B54B-91EFD4154E36}.Debug_MBCS|x64.ActiveCfg = Debug|x64
		{BCDA86B2-7DE3-4F8F-B54B-91EFD4154E36}.Debug_MBCS|x64.Build.0 = Debug|x64
		{BCDA86B2-7DE3-4F8F-B54B-91EFD4154E36}.Debug|Win32.ActiveCfg = Debug|Win32
		{BCDA86B2-7DE3-4F8F-B54B-91EFD4154E36}.Debug|Win32.Build.0 = Debug|Win32
		{BCDA86B2-7DE3-4F8F-B54B-91EFD4154E36}.Debug|x64.ActiveCfg = Debug|x64
		{BCDA86B2-7DE3-4F8F-B54B-91EFD4154E36}.Debug|x64.Build.0 = Debug|x64
		{BCDA86B2-7DE3-4F8F-B54B-91EFD4154E36}.Release_MBCS|Win32.ActiveCfg = Release_static|Win32
		{BCDA86B2-7DE3-4F8F-B54B-91EFD4154E36}.Release_MBCS|Win32.Build.0 = Release_static|Win32
		{BCDA86B2-7DE3-4F8F-B54B-91EFD4154E36}.Release_MBCS|x64.ActiveCfg = Release_static|x64
		{BCDA86B2-7DE3-4F8F-B54B-91EFD4154E36}.Release_MBCS|x64.Build.0 = Release_static|x64
		{BCDA86B2-7DE3-4F8F-B54B-91EFD4154E36}.Release_static|Win32.ActiveCfg = Release_static|Win32
		{BCDA86B2-7DE3-4F8F-B54B-91EFD4154E36}.Release_static|Win32.Build.0 = Release_static|Win32
		{BCDA86B2-7DE3-4F8F-B54B-91EFD4154E36}.Release_static|x64.ActiveCfg = Release_static|x64
		{BCDA86B2-7DE3-4F8F-B54B-91EFD4154E36}.Release_static|x64.Build.0 = Release_static|x64
		{BCDA86B2-7DE3-4F8F-B54B-91EFD4154E36}.Release|Win32.ActiveCfg = Release|Win32
		{BCDA86B2-7DE3-4F8F-B54B-91EFD4154E36}.Release|Win32.Build.0 = Release|Win32
		{BCDA86B2-7DE3-4F8F-B54B-91EFD4154E36}.Release|x64.ActiveCfg = Release|x64
		{BCDA86B2-7DE3-4F8F-B54B-91EFD4154E36}.Release|x64.Build.0 = Release|x64
		{1B01DD31-8C51-4378-954C-FB2B58378EF2}.Debug_MBCS|Win32.ActiveCfg = Debug|Win32
		{1B01DD31-8C51-4378-954C-FB2B58378EF2}.Debug_MBCS|Win32.Build.0 = Debug|Win32
		{1B01DD31-8C51-4378-954C-FB2B58378EF2}.Debug_MBCS|x64.ActiveCfg = Debug|x64
		{1B01DD31-8C51-4378-954C-FB2B58378EF2}.Debug_MBCS|x64.Build.0 = Debug|x64
		{1B01DD31-8C51-4378-954C-FB2B58378EF2}.Debug|Win32.ActiveCfg = Debug|Win32
		{1B01DD31-8C51-4378-954C-FB2B58378EF2}.Debug|Win32.Build.0 = Debug|Win32
		{1B01DD31-8C51-4378-954C-FB2B58378EF2}.Debug|x64.ActiveCfg = Debug|x64
		{1B01DD31-8C51-4378-954C-FB2B58378EF2}.Debug|x64.Build.0 = Debug|x64
		{1B01DD31-8C51-4378-954C-FB2B58378EF2}.Release_MBCS|Win32.ActiveCfg = Release_static|Win32
		{1B01DD31-8C51-4378-954C-FB2B58378EF2}.Release_MBCS|Win32.Build.0 = Release_static|Win32
		{1B01DD31-8C51-4378-954C-FB2B58378EF2}.Release_MBCS|x64.ActiveCfg = Release_static|x64
		{1B01DD31-8C51-4378-954C-FB2B58378EF2}.Release_MBCS|x64.Build.0 = Release_static|x64
		{1B01DD31-8C51-4378-954C-FB2B58378EF2}.Release_static|Win32.ActiveCfg = Release_static|Win32
		{1B01DD31-8C51-4378-954C-FB2B58378EF2}.Release_static|Win32.Build.0 = Release_static|Win32
		{1B01DD31-8C51-4378-954C-FB2B58378EF2}.Release_static|x64.ActiveCfg = Release_static|x64
		{1B01DD31-8C51-4378-954C-FB2B58378EF2}.Release_static|x64.Build.0 = Release_static|x64
		{1B01DD31-8C51-4378-954C-FB2B58378EF2}.Release|Win32.ActiveCfg = Release|Win32
		{1B01DD31-8C51-4378-954C-FB2B58378EF2}.Release|Win32.Build.0 = Release|Win32
		{1B01DD31-8C51-4378-954C-FB2B58378EF2}.Release|x64.ActiveCfg = Release|x64
		{1B01DD31-8C51-4378-954C-FB2B58378EF2}.Release|x64.Build.0 = Release|x64
		{90A6125D-0ADA-4201-AF82-D4453A1E71B1}.Debug_MBCS|Win32.ActiveCfg = Debug|Win32
		{90A6125D-0ADA-4201-AF82-D4453A1E71B1}.Debug_MBCS|Win32.Build.0 = Debug|Win32
		{90A6125D-0ADA-4201-AF82-D4453A1E71B1}.Debug_MBCS|x64.ActiveCfg = Debug|x64
		{90A6125D-0ADA-4201-AF82-D4453A1E71B1}.Debug_MBCS|x64.Build.0 = Debug|x64
		{90A6125D-0ADA-4201-AF82-D4453A1E71B1}.Debug|Win32.ActiveCfg = Debug|Win32
		{90A6125D-0ADA-4201-AF82-D4453A1E71B1}.Debug|Win32.Build.0 = Debug|Win32
		{90A6125D-0ADA-4201-AF82-D4453A1E71B1}.Debug|x64.ActiveCfg = Debug|x64
		{90A6125D-0ADA-4201-AF82-D4453A1E71B1}.Debug|x64.Build.0 = Debug|x64
		{90A6125D-0ADA-4201-AF82-D4453A1E71B1}.Release_MBCS|Win32.ActiveCfg = Release_static|Win32
		{90A6125D-0ADA-4201-AF82-D4453A1E71B1}.Release_MBCS|Win32.Build.0 = Release_static|Win32
		{90A6125D-0ADA-4201-AF82-D4453A1E71B1}.Release_MBCS|x64.ActiveCfg = Release_static|x64
		{90A6125D-0ADA-4201-AF82-D4453A1E71B1}.Release_MBCS|x64.Build.0 = Release_static|x64
		{90A6125D-0ADA-4201-AF82-D4453A1E71B1}.Release_static|Win32.ActiveCfg = Release_static|Win32
		{90A6125D-0ADA-4201-AF82-D4453A1E71B1}.Release_static|Win32.Build.0 = Release_static|Win32
		{90A6125D-0ADA-4201-AF82-D4453A1E71B1}.Release_static|x64.ActiveCfg = Release_static|x64
		{90A6125D-0ADA-4201-AF82-D4453A1E71B1}.Release_static|x64.Build.0 = Release_static|x64
		{90A6125D-0ADA-4201-AF82-D4453A1E71B1}.Release|Win32.ActiveCfg = Release|Win32
		{90A6125D-0ADA-4201-AF82-D4453A1E71B1}.Release|Win32.Build.0 = Release|Win32
		{90A6125D-0ADA-4201-AF82-D4453A1E71B1}.Release|x64.ActiveCfg = Release|x64
		{90A6125D-0ADA-4201-AF82-D4453A1E71B1}.Release|x64.Build.0 = Release|x64
		{A2D2B82B-D826-48B8-A634-679B4B8298C5}.Debug_MBCS|Win32.ActiveCfg = Debug|Win32
		{A2D2B82B-D826-48B8-A634-679B4B8298C5}.Debug_MBCS|Win32.Build.0 = Debug|Win32
		{A2D2B82B-D826-48B8-A634-679B4B8298C5}.Debug_MBCS|x64.ActiveCfg = Debug|x64
		{A2D2B82B-D826-48B8-A634-679B4B8298C5}.Debug_MBCS|x64.Build.0 = Debug|x64
		{A2D2B82B-D826-48B8-A634-679B4B8298C5}.Debug|Win32.ActiveCfg = Debug|Win32
		{A2D2B82B-D826-48B8-A634-679B4B8298C5}.Debug|Win32.Build.0 = Debug|Win32
		{A2D2B82B-D826-48B8-A634-679B4B8298C5}.Debug|x64.ActiveCfg = Debug|x64
		{A2D2B82B-D826-48B8-A634-679B4B8298C5}.Debug|x64.Build.0 = Debug|x64
		{A2D2B82B-D826-48B8-A634-679B4B8298C5}.Release_MBCS|Win32.ActiveCfg = Release_static|Win32
		{A2D2B82B-D826-48B8-A634-679B4B8298C5}.Release_MBCS|Win32.Build.0 = Release_static|Win32
		{A2D2B82B-D826-48B8-A634-679B4B8298C5}.Release_MBCS|x64.ActiveCfg = Release_static|x64
		{A2D2B82B-D826-48B8-A634-679B4B8298C5}.Release_MBCS|x64.Build.0 = Release_static|x64
		{A2D2B82B-D826-48B8-A634-679B4B8298C5}.Release_static|Win32.ActiveCfg = Release_static|Win32
		{A2D2B82B-D826-48B8-A634-679B4B8298C5}.Release_static|Win32.Build.0 = Release_static|Win32
		{A2D2B82B-D826-48B8-A634-679B4B8298C5}.Release_static|x64.ActiveCfg = Release_static|x64
		{A2D2B82B-D826-48B8-A634-679B4B8298C5}.Release_static|x64.Build.0 = Release_static|x64
		{A2D2B82B-D826-48B8-A634-679B4B8298C5}.Release|Win32.ActiveCfg = Release|Win32
		{A2D2B82B-D826-48B8-A634-679B4B8298C5}.Release|Win32.Build.0 = Release|Win32
		{A2D2B82B-D826-48B8-A634-679B4B8298C5}.Release|x64.ActiveCfg = Release|x64
		{A2D2B82B-D826-48B8-A634-679B4B8298C5}.Release|x64.Build.0 = Release|x64
		{EEB05E2B-0151-47C7-BD1C-C3A2A74C1399}.Debug_MBCS|Win32.ActiveCfg = Debug|Win32
		{EEB05E2B-0151-47C7-BD1C-C3A2A74C1399}.Debug_MBCS|Win32.Build.0 = Debug|Win32
		{EEB05E2B-0151-47C7-BD1C-C3A2A74C1399}.Debug_MBCS|x64.ActiveCfg = Debug|x64
		{EEB05E2B-0151-47C7-BD1C-C3A2A74C1399}.Debug_MBCS|x64.Build.0 = Debug|x64
		{EEB05E2B-0151-47C7-BD1C-C3A2A74C1399}.Debug|Win32.ActiveCfg = Debug|Win32
		{EEB05E2B-0151-47C7-BD1C-C3A2A74C1399}.Debug|Win32.Build.0 = Debug|Win32
		{EEB05E2B-0151-47C7-BD1C-C3A2A74C1399}.Debug|x64.ActiveCfg = Debug|x64
		{EEB05E2B-0151-47C7-BD1C-C3A2A74C1399}.Debug|x64.Build.0 = Debug|x64
		{EEB05E2B-0151-47C7-BD1C-C3A2A74C1399}.Release_MBCS|Win32.ActiveCfg = Release_static|Win32
		{EEB05E2B-0151-47C7-BD1C-C3A2A74C1399}.Release_MBCS|Win32.Build.0 = Release_static|Win32
		{EEB05E2B-0151-47C7-BD1C-C3A2A74C1399}.Release_MBCS|x64.ActiveCfg = Release_static|x64
		{EEB05E2B-0151-47C7-BD1C-C3A2A74C1399}.Release_MBCS|x64.Build.0 = Release_static|x64
		{EEB05E2B-0151-47C7-BD1C-C3A2A74C1399}.Release_static|Win32.ActiveCfg = Release_static|Win32
		{EEB05E2B-0151-47C7-BD1C-C3A2A74C1399}.Release_static|Win32.Build.0 = Release_static|Win32
		{EEB05E2B-0151-47C7-BD1C-C3A2A74C1399}.Release_static|x64.ActiveCfg = Release_static|x64
		{EEB05E2B-0151-47C7-BD1C-C3A2A74C1399}.Release_static|x64.Build.0 = Release_static|x64
		{EEB05E2B-0151-47C7-BD1C-C3A2A74C1399}.Release|Win32.ActiveCfg = Release|Win32
		{EEB05E2B-0151-47C7-BD1C-C3A2A74C1399}.Release|Win32.Build.0 = Release|Win32
		{EEB05E2B-0151-47C7-BD1C-C3A2A74C1399}.Release|x64.ActiveCfg = Release|x64
		{EEB05E2B-0151-47C7-BD1C-C3A2A74C1399}.Release|x64.Build.0 = Release|x64
		{874240A9-E0F6-4E74-8700-F82496AA8AC6}.Debug_MBCS|Win32.ActiveCfg = Debug|Win32
		{874240A9-E0F6-4E74-8700-F82496AA8AC6}.Debug_MBCS|Win32.Build.0 = Debug|Win32
		{874240A9-E0F6-4E74-8700-F82496AA8AC6}.Debug_MBCS|x64.ActiveCfg = Debug|x64
		{874240A9-E0F6-4E74-8700-F82496AA8AC6}.Debug_MBCS|x64.Build.0 = Debug|x64
		{874240A9-E0F6-4E74-8700-F82496AA8AC6}.Debug|Win32.ActiveCfg = Debug|Win32
		{874240A9-E0F6-4E74-8700-F82496AA8AC6}.Debug|Win32.Build.0 = Debug|Win32
		{874240A9-E0F6-4E74-8700-F82496AA8AC6}.Debug|x64.ActiveCfg = Debug|x64
		{874240A9-E0F6-4E74-8700-F82496AA8AC6}.Debug|x64.Build.0 = Debug|x64
		{874240A9-E0F6-4E74-8700-F82496AA8AC6}.Release_MBCS|Win32.ActiveCfg = Release_static|Win32
		{874240A9-E0F6-4E74-8700-F82496AA8AC6}.Release_MBCS|Win32.Build.0 = Release_static|Win32
		{874240A9-E0F6-4E74-8700-F82496AA8AC6}.Release_MBCS|x64.ActiveCfg = Release_static|x64
		{874240A9-E0F6-4E74-8700-F82496AA8AC6}.Release_MBCS|x64.Build.0 = Release_static|x64
		{874240A9-E0F6-4E74-8700-F82496AA8AC6}.Release_static|Win32.ActiveCfg = Release_static|Win32
		{874240A9-E0F6-4E74-8700-F82496AA8AC6}.Release_static|Win32.Build.0 = Release_static|Win32
		{874240A9-E0F6-4E74-8700-F82496AA8AC6}.Release_static|x64.ActiveCfg = Release_static|x64
		{874240A9-E0F6-4E74-8700-F82496AA8AC6}.Release_static|x64.Build.0 = Release_static|x64
		{874240A9-E0F6-4E74-8700-F82496AA8AC6}.Release|Win32.ActiveCfg = Release|Win32
		{874240A9-E0F6-4E74-8700-F82496AA8AC6}.Release|Win32.Build.0 = Release|Win32
		{874240A9-E0F6-4E74-8700-F82496AA8AC6}.Release|x64.ActiveCfg = Release|x64
		{874240A9-E0F6-4E74-8700-F82496AA8AC6}.Release|x64.Build.0 = Release|x64
		{76055E26-3A35-40F6-B783-F648CC785491}.Debug_MBCS|Win32.ActiveCfg = Debug|Win32
		{76055E26-3A35-40F6-B783-F648CC785491}.Debug_MBCS|Win32.Build.0 = Debug|Win32
		{76055E26-3A35-40F6-B783-F648CC785491}.Debug_MBCS|x64.ActiveCfg = Debug|x64
		{76055E26-3A35-40F6-B783-F648CC785491}.Debug_MBCS|x64.Build.0 = Debug|x64
		{76055E26-3A35-40F6-B783-F648CC785491}.Debug|Win32.ActiveCfg = Debug|Win32
		{76055E26-3A35-40F6-B783-F648CC785491}.Debug|Win32.Build.0 = Debug|Win32
		{76055E26-3A35-40F6-B783-F648CC785491}.Debug|x64.ActiveCfg = Debug|x64
		{76055E26-3A35-40F6-B783-F648CC785491}.Debug|x64.Build.0 = Debug|x64
		{76055E26-3A35-40F6-B783-F648CC785491}.Release_MBCS|Win32.ActiveCfg = Release_static|Win32
		{76055E26-3A35-40F6-B783-F648CC785491}.Release_MBCS|Win32.Build.0 = Release_static|Win32
		{76055E26-3A35-40F6-B783-F648CC785491}.Release_MBCS|x64.ActiveCfg = Release_static|x64
		{76055E26-3A35-40F6-B783-F648CC785491}.Release_MBCS|x64.Build.0 = Release_static|x64
		{76055E26-3A35-40F6-B783-F648CC785491}.Release_static|Win32.ActiveCfg = Release_static|Win32
		{76055E26-3A35-40F6-B783-F648CC785491}.Release_static|Win32.Build.0 = Release_static|Win32
		{76055E26-3A35-40F6-B783-F648CC785491}.Release_static|x64.ActiveCfg = Release_static|x64
		{76055E26-3A35-40F6-B783-F648CC785491}.Release_static|x64.Build.0 = Release_static|x64
		{76055E26-3A35-40F6-B783-F648CC785491}.Release|Win32.ActiveCfg = Release|Win32
		{76055E26-3A35-40F6-B783-F648CC785491}.Release|Win32.Build.0 = Release|Win32
		{76055E26-3A35-40F6-B783-F648CC785491}.Release|x64.ActiveCfg = Release|x64
		{76055E26-3A35-40F6-B783-F648CC785491}.Release|x64.Build.0 = Release|x64
		{4FF4BAED-FBAA-44A1-B797-FF9132274017}.Debug_MBCS|Win32.ActiveCfg = Debug|Win32
		{4FF4BAED-FBAA-44A1-B797-FF9132274017}.Debug_MBCS|Win32.Build.0 = Debug|Win32
		{4FF4BAED-FBAA-44A1-B797-FF9132274017}.Debug_MBCS|x64.ActiveCfg = Debug|x64
		{4FF4BAED-FBAA-44A1-B797-FF9132274017}.Debug_MBCS|x64.Build.0 = Debug|x64
		{4FF4BAED-FBAA-44A1-B797-FF9132274017}.Debug|Win32.ActiveCfg = Debug|Win32
		{4FF4BAED-FBAA-44A1-B797-FF9132274017}.Debug|Win32.Build.0 = Debug|Win32
		{4FF4BAED-FBAA-44A1-B797-FF9132274017}.Debug|x64.ActiveCfg = Debug|x64
		{4FF4BAED-FBAA-44A1-B797-FF9132274017}.Debug|x64.Build.0 = Debug|x64
		{4FF4BAED-FBAA-44A1-B797-FF9132274017}.Release_MBCS|Win32.ActiveCfg = Release_static|Win32
		{4FF4BAED-FBAA-44A1-B797-FF9132274017}.Release_MBCS|Win32.Build.0 = Release_static|Win32
		{4FF4BAED-FBAA-44A1-B797-FF9132274017}.Release_MBCS|x64.ActiveCfg = Release_static|x64
		{4FF4BAED-FBAA-44A1-B797-FF9132274017}.Release_MBCS|x64.Build.0 = Release_static|x64
		{4FF4BAED-FBAA-44A1-B797-FF9132274017}.Release_static|Win32.ActiveCfg = Release_static|Win32
		{4FF4BAED-FBAA-44A1-B797-FF9132274017}.Release_static|Win32.Build.0 = Release_static|Win32
		{4FF4BAED-FBAA-44A1-B797-FF9132274017}.Release_static|x64.ActiveCfg = Release_static|x64
		{4FF4BAED-FBAA-44A1-B797-FF9132274017}.Release_static|x64.Build.0 = Release_static|x64
		{4FF4BAED-FBAA-44A1-B797-FF9132274017}.Release|Win32.ActiveCfg = Release|Win32
		{4FF4BAED-FBAA-44A1-B797-FF9132274017}.Release|Win32.Build.0 = Release|Win32
		{4FF4BAED-FBAA-44A1-B797-FF9132274017}.Release|x64.ActiveCfg = Release|x64
		{4FF4BAED-FBAA-44A1-B797-FF9132274017}.Release|x64.Build.0 = Release|x64
	EndGlobalSection
	GlobalSection(SolutionProperties) = preSolution
		HideSolutionNode = FALSE
	EndGlobalSection
	GlobalSection(NestedProjects) = preSolution
		{E8A3F6FA-AE1C-4C8E-A0B6-9C8480324EAA} = {5FC18CB1-75D8-4A96-B9AA-1F00F08CDA2A}
		{BC3EFE27-9015-4C9C-AD3C-72B3B7ED2114} = {5FC18CB1-75D8-4A96-B9AA-1F00F08CDA2A}
		{77F6A763-E1AD-4A5F-BFD1-A99756FE412C} = {2B2A3638-E194-4E4F-8026-234F70F2C820}
		{A3869304-1481-431E-B7C6-C4ED342106EB} = {2B2A3638-E194-4E4F-8026-234F70F2C820}
		{F92B34A6-7FA5-4497-96B1-0BC32E3080C0} = {5FC18CB1-75D8-4A96-B9AA-1F00F08CDA2A}
		{40AAC5F0-4EE9-4666-B28A-B52A93054C01} = {2B2A3638-E194-4E4F-8026-234F70F2C820}
		{4643172B-63E9-4CCC-9BF1-69BAAD254AB0} = {2B2A3638-E194-4E4F-8026-234F70F2C820}
		{97FB8E71-E5AA-4CC6-B719-F55898873603} = {5FC18CB1-75D8-4A96-B9AA-1F00F08CDA2A}
		{007F4889-0E3B-439C-A6E6-DF64121609E3} = {5FC18CB1-75D8-4A96-B9AA-1F00F08CDA2A}
		{49A52336-1C89-4567-9127-7741D153D5CA} = {5FC18CB1-75D8-4A96-B9AA-1F00F08CDA2A}
		{178CA9B3-D4E4-46AC-89F1-96E163B2E369} = {8026615B-5A7E-46C0-A88D-A8B102F88D93}
		{12DB0781-4C1D-49EE-BDA8-226D44E9182F} = {8026615B-5A7E-46C0-A88D-A8B102F88D93}
		{D285AFB1-F7BA-4582-97AD-897AE95CA5AF} = {8026615B-5A7E-46C0-A88D-A8B102F88D93}
		{5B2A8247-8358-481A-A098-89270D417CC4} = {8026615B-5A7E-46C0-A88D-A8B102F88D93}
		{AB3C1FC9-7F5A-4E8F-A320-FD7998E88BCA} = {8026615B-5A7E-46C0-A88D-A8B102F88D93}
		{9804F192-9FD5-4A41-ADF2-29BBC979ECFD} = {8026615B-5A7E-46C0-A88D-A8B102F88D93}
		{F78F780F-2042-44EA-9804-A1CB0C908611} = {8026615B-5A7E-46C0-A88D-A8B102F88D93}
		{BCDA86B2-7DE3-4F8F-B54B-91EFD4154E36} = {8026615B-5A7E-46C0-A88D-A8B102F88D93}
		{1B01DD31-8C51-4378-954C-FB2B58378EF2} = {8026615B-5A7E-46C0-A88D-A8B102F88D93}
		{90A6125D-0ADA-4201-AF82-D4453A1E71B1} = {8026615B-5A7E-46C0-A88D-A8B102F88D93}
		{A2D2B82B-D826-48B8-A634-679B4B8298C5} = {8026615B-5A7E-46C0-A88D-A8B102F88D93}
		{EEB05E2B-0151-47C7-BD1C-C3A2A74C1399} = {8026615B-5A7E-46C0-A88D-A8B102F88D93}
		{874240A9-E0F6-4E74-8700-F82496AA8AC6} = {8026615B-5A7E-46C0-A88D-A8B102F88D93}
		{76055E26-3A35-40F6-B783-F648CC785491} = {8026615B-5A7E-46C0-A88D-A8B102F88D93}
		{4FF4BAED-FBAA-44A1-B797-FF9132274017} = {8026615B-5A7E-46C0-A88D-A8B102F88D93}
	EndGlobalSection
EndGlobal
